// !$*UTF8*$!
{
	archiveVersion = 1;
	classes = {
	};
	objectVersion = 77;
	objects = {

/* Begin PBXBuildFile section */
		2E7E5BA62EC42126002255AE /* Auth in Frameworks */ = {isa = PBXBuildFile; productRef = 2E7E5BA52EC42126002255AE /* Auth */; };
		2E7E5BA82EC42126002255AE /* Functions in Frameworks */ = {isa = PBXBuildFile; productRef = 2E7E5BA72EC42126002255AE /* Functions */; };
		2E7E5BAA2EC42126002255AE /* PostgREST in Frameworks */ = {isa = PBXBuildFile; productRef = 2E7E5BA92EC42126002255AE /* PostgREST */; };
		2E7E5BAC2EC42126002255AE /* Realtime in Frameworks */ = {isa = PBXBuildFile; productRef = 2E7E5BAB2EC42126002255AE /* Realtime */; };
		2E7E5BAE2EC42126002255AE /* Storage in Frameworks */ = {isa = PBXBuildFile; productRef = 2E7E5BAD2EC42126002255AE /* Storage */; };
		2E7E5BB02EC42126002255AE /* Supabase in Frameworks */ = {isa = PBXBuildFile; productRef = 2E7E5BAF2EC42126002255AE /* Supabase */; };
		2E7E5BB32EC421B7002255AE /* Nuke in Frameworks */ = {isa = PBXBuildFile; productRef = 2E7E5BB22EC421B7002255AE /* Nuke */; };
		2E7E5BB52EC421B7002255AE /* NukeExtensions in Frameworks */ = {isa = PBXBuildFile; productRef = 2E7E5BB42EC421B7002255AE /* NukeExtensions */; };
		2E7E5BB72EC421B7002255AE /* NukeUI in Frameworks */ = {isa = PBXBuildFile; productRef = 2E7E5BB62EC421B7002255AE /* NukeUI */; };
		2E7E5BB92EC421B7002255AE /* NukeVideo in Frameworks */ = {isa = PBXBuildFile; productRef = 2E7E5BB82EC421B7002255AE /* NukeVideo */; };
		2E7E5BBC2EC421E0002255AE /* KeychainAccess in Frameworks */ = {isa = PBXBuildFile; productRef = 2E7E5BBB2EC421E0002255AE /* KeychainAccess */; };
		2E7E5BBF2EC42213002255AE /* OpenAI in Frameworks */ = {isa = PBXBuildFile; productRef = 2E7E5BBE2EC42213002255AE /* OpenAI */; };
/* End PBXBuildFile section */

/* Begin PBXContainerItemProxy section */
		2EDFF7E72EBE9E49007B1A31 /* PBXContainerItemProxy */ = {
			isa = PBXContainerItemProxy;
			containerPortal = 2EDFF7CD2EBE9E48007B1A31 /* Project object */;
			proxyType = 1;
			remoteGlobalIDString = 2EDFF7D42EBE9E48007B1A31;
			remoteInfo = "Claims IQ Sidekick 1.5";
		};
		2EDFF7F12EBE9E49007B1A31 /* PBXContainerItemProxy */ = {
			isa = PBXContainerItemProxy;
			containerPortal = 2EDFF7CD2EBE9E48007B1A31 /* Project object */;
			proxyType = 1;
			remoteGlobalIDString = 2EDFF7D42EBE9E48007B1A31;
			remoteInfo = "Claims IQ Sidekick 1.5";
		};
/* End PBXContainerItemProxy section */

/* Begin PBXFileReference section */
		2EDFF7D52EBE9E48007B1A31 /* Claims IQ Sidekick 1.5.app */ = {isa = PBXFileReference; explicitFileType = wrapper.application; includeInIndex = 0; path = "Claims IQ Sidekick 1.5.app"; sourceTree = BUILT_PRODUCTS_DIR; };
		2EDFF7E62EBE9E49007B1A31 /* Claims IQ Sidekick 1.5Tests.xctest */ = {isa = PBXFileReference; explicitFileType = wrapper.cfbundle; includeInIndex = 0; path = "Claims IQ Sidekick 1.5Tests.xctest"; sourceTree = BUILT_PRODUCTS_DIR; };
		2EDFF7F02EBE9E49007B1A31 /* Claims IQ Sidekick 1.5UITests.xctest */ = {isa = PBXFileReference; explicitFileType = wrapper.cfbundle; includeInIndex = 0; path = "Claims IQ Sidekick 1.5UITests.xctest"; sourceTree = BUILT_PRODUCTS_DIR; };
/* End PBXFileReference section */

/* Begin PBXFileSystemSynchronizedBuildFileExceptionSet section */
		2EDFF7F82EBE9E49007B1A31 /* Exceptions for "Claims IQ Sidekick 1.5" folder in "Claims IQ Sidekick 1.5" target */ = {
			isa = PBXFileSystemSynchronizedBuildFileExceptionSet;
			membershipExceptions = (
				Info.plist,
			);
			target = 2EDFF7D42EBE9E48007B1A31 /* Claims IQ Sidekick 1.5 */;
		};
/* End PBXFileSystemSynchronizedBuildFileExceptionSet section */

/* Begin PBXFileSystemSynchronizedRootGroup section */
		2EDFF7D72EBE9E48007B1A31 /* Claims IQ Sidekick 1.5 */ = {
			isa = PBXFileSystemSynchronizedRootGroup;
			exceptions = (
				2EDFF7F82EBE9E49007B1A31 /* Exceptions for "Claims IQ Sidekick 1.5" folder in "Claims IQ Sidekick 1.5" target */,
			);
			path = "Claims IQ Sidekick 1.5";
			sourceTree = "<group>";
		};
		2EDFF7E92EBE9E49007B1A31 /* Claims IQ Sidekick 1.5Tests */ = {
			isa = PBXFileSystemSynchronizedRootGroup;
			path = "Claims IQ Sidekick 1.5Tests";
			sourceTree = "<group>";
		};
		2EDFF7F32EBE9E49007B1A31 /* Claims IQ Sidekick 1.5UITests */ = {
			isa = PBXFileSystemSynchronizedRootGroup;
			path = "Claims IQ Sidekick 1.5UITests";
			sourceTree = "<group>";
		};
/* End PBXFileSystemSynchronizedRootGroup section */

/* Begin PBXFrameworksBuildPhase section */
		2EDFF7D22EBE9E48007B1A31 /* Frameworks */ = {
			isa = PBXFrameworksBuildPhase;
			buildActionMask = 2147483647;
			files = (
				2E7E5BAA2EC42126002255AE /* PostgREST in Frameworks */,
				2E7E5BB52EC421B7002255AE /* NukeExtensions in Frameworks */,
				2E7E5BA82EC42126002255AE /* Functions in Frameworks */,
				2E7E5BB32EC421B7002255AE /* Nuke in Frameworks */,
				2E7E5BBC2EC421E0002255AE /* KeychainAccess in Frameworks */,
				2E7E5BB02EC42126002255AE /* Supabase in Frameworks */,
				2E7E5BA62EC42126002255AE /* Auth in Frameworks */,
				2E7E5BB72EC421B7002255AE /* NukeUI in Frameworks */,
				2E7E5BB92EC421B7002255AE /* NukeVideo in Frameworks */,
				2E7E5BAE2EC42126002255AE /* Storage in Frameworks */,
				2E7E5BBF2EC42213002255AE /* OpenAI in Frameworks */,
				2E7E5BAC2EC42126002255AE /* Realtime in Frameworks */,
			);
			runOnlyForDeploymentPostprocessing = 0;
		};
		2EDFF7E32EBE9E49007B1A31 /* Frameworks */ = {
			isa = PBXFrameworksBuildPhase;
			buildActionMask = 2147483647;
			files = (
			);
			runOnlyForDeploymentPostprocessing = 0;
		};
		2EDFF7ED2EBE9E49007B1A31 /* Frameworks */ = {
			isa = PBXFrameworksBuildPhase;
			buildActionMask = 2147483647;
			files = (
			);
			runOnlyForDeploymentPostprocessing = 0;
		};
/* End PBXFrameworksBuildPhase section */

/* Begin PBXGroup section */
		2EDFF7CC2EBE9E48007B1A31 = {
			isa = PBXGroup;
			children = (
				2EDFF7D72EBE9E48007B1A31 /* Claims IQ Sidekick 1.5 */,
				2EDFF7E92EBE9E49007B1A31 /* Claims IQ Sidekick 1.5Tests */,
				2EDFF7F32EBE9E49007B1A31 /* Claims IQ Sidekick 1.5UITests */,
				2EDFF7D62EBE9E48007B1A31 /* Products */,
			);
			sourceTree = "<group>";
		};
		2EDFF7D62EBE9E48007B1A31 /* Products */ = {
			isa = PBXGroup;
			children = (
				2EDFF7D52EBE9E48007B1A31 /* Claims IQ Sidekick 1.5.app */,
				2EDFF7E62EBE9E49007B1A31 /* Claims IQ Sidekick 1.5Tests.xctest */,
				2EDFF7F02EBE9E49007B1A31 /* Claims IQ Sidekick 1.5UITests.xctest */,
			);
			name = Products;
			sourceTree = "<group>";
		};
/* End PBXGroup section */

/* Begin PBXNativeTarget section */
		2EDFF7D42EBE9E48007B1A31 /* Claims IQ Sidekick 1.5 */ = {
			isa = PBXNativeTarget;
			buildConfigurationList = 2EDFF7F92EBE9E49007B1A31 /* Build configuration list for PBXNativeTarget "Claims IQ Sidekick 1.5" */;
			buildPhases = (
				2EDFF7D12EBE9E48007B1A31 /* Sources */,
				2EDFF7D22EBE9E48007B1A31 /* Frameworks */,
				2EDFF7D32EBE9E48007B1A31 /* Resources */,
			);
			buildRules = (
			);
			dependencies = (
			);
			fileSystemSynchronizedGroups = (
				2EDFF7D72EBE9E48007B1A31 /* Claims IQ Sidekick 1.5 */,
			);
			name = "Claims IQ Sidekick 1.5";
			packageProductDependencies = (
				2E7E5BA52EC42126002255AE /* Auth */,
				2E7E5BA72EC42126002255AE /* Functions */,
				2E7E5BA92EC42126002255AE /* PostgREST */,
				2E7E5BAB2EC42126002255AE /* Realtime */,
				2E7E5BAD2EC42126002255AE /* Storage */,
				2E7E5BAF2EC42126002255AE /* Supabase */,
				2E7E5BB22EC421B7002255AE /* Nuke */,
				2E7E5BB42EC421B7002255AE /* NukeExtensions */,
				2E7E5BB62EC421B7002255AE /* NukeUI */,
				2E7E5BB82EC421B7002255AE /* NukeVideo */,
				2E7E5BBB2EC421E0002255AE /* KeychainAccess */,
				2E7E5BBE2EC42213002255AE /* OpenAI */,
			);
			productName = "Claims IQ Sidekick 1.5";
			productReference = 2EDFF7D52EBE9E48007B1A31 /* Claims IQ Sidekick 1.5.app */;
			productType = "com.apple.product-type.application";
		};
		2EDFF7E52EBE9E49007B1A31 /* Claims IQ Sidekick 1.5Tests */ = {
			isa = PBXNativeTarget;
			buildConfigurationList = 2EDFF7FE2EBE9E49007B1A31 /* Build configuration list for PBXNativeTarget "Claims IQ Sidekick 1.5Tests" */;
			buildPhases = (
				2EDFF7E22EBE9E49007B1A31 /* Sources */,
				2EDFF7E32EBE9E49007B1A31 /* Frameworks */,
				2EDFF7E42EBE9E49007B1A31 /* Resources */,
			);
			buildRules = (
			);
			dependencies = (
				2EDFF7E82EBE9E49007B1A31 /* PBXTargetDependency */,
			);
			fileSystemSynchronizedGroups = (
				2EDFF7E92EBE9E49007B1A31 /* Claims IQ Sidekick 1.5Tests */,
			);
			name = "Claims IQ Sidekick 1.5Tests";
			packageProductDependencies = (
			);
			productName = "Claims IQ Sidekick 1.5Tests";
			productReference = 2EDFF7E62EBE9E49007B1A31 /* Claims IQ Sidekick 1.5Tests.xctest */;
			productType = "com.apple.product-type.bundle.unit-test";
		};
		2EDFF7EF2EBE9E49007B1A31 /* Claims IQ Sidekick 1.5UITests */ = {
			isa = PBXNativeTarget;
			buildConfigurationList = 2EDFF8012EBE9E49007B1A31 /* Build configuration list for PBXNativeTarget "Claims IQ Sidekick 1.5UITests" */;
			buildPhases = (
				2EDFF7EC2EBE9E49007B1A31 /* Sources */,
				2EDFF7ED2EBE9E49007B1A31 /* Frameworks */,
				2EDFF7EE2EBE9E49007B1A31 /* Resources */,
			);
			buildRules = (
			);
			dependencies = (
				2EDFF7F22EBE9E49007B1A31 /* PBXTargetDependency */,
			);
			fileSystemSynchronizedGroups = (
				2EDFF7F32EBE9E49007B1A31 /* Claims IQ Sidekick 1.5UITests */,
			);
			name = "Claims IQ Sidekick 1.5UITests";
			packageProductDependencies = (
			);
			productName = "Claims IQ Sidekick 1.5UITests";
			productReference = 2EDFF7F02EBE9E49007B1A31 /* Claims IQ Sidekick 1.5UITests.xctest */;
			productType = "com.apple.product-type.bundle.ui-testing";
		};
/* End PBXNativeTarget section */

/* Begin PBXProject section */
		2EDFF7CD2EBE9E48007B1A31 /* Project object */ = {
			isa = PBXProject;
			attributes = {
				BuildIndependentTargetsInParallel = 1;
				LastSwiftUpdateCheck = 2610;
				LastUpgradeCheck = 2610;
				TargetAttributes = {
					2EDFF7D42EBE9E48007B1A31 = {
						CreatedOnToolsVersion = 26.1;
					};
					2EDFF7E52EBE9E49007B1A31 = {
						CreatedOnToolsVersion = 26.1;
						TestTargetID = 2EDFF7D42EBE9E48007B1A31;
					};
					2EDFF7EF2EBE9E49007B1A31 = {
						CreatedOnToolsVersion = 26.1;
						TestTargetID = 2EDFF7D42EBE9E48007B1A31;
					};
				};
			};
			buildConfigurationList = 2EDFF7D02EBE9E48007B1A31 /* Build configuration list for PBXProject "Claims IQ Sidekick 1.5" */;
			developmentRegion = en;
			hasScannedForEncodings = 0;
			knownRegions = (
				en,
				Base,
			);
			mainGroup = 2EDFF7CC2EBE9E48007B1A31;
			minimizedProjectReferenceProxies = 1;
			packageReferences = (
				2E7E5BA42EC42126002255AE /* XCRemoteSwiftPackageReference "supabase-swift" */,
				2E7E5BB12EC421B7002255AE /* XCRemoteSwiftPackageReference "Nuke" */,
				2E7E5BBA2EC421E0002255AE /* XCRemoteSwiftPackageReference "KeychainAccess" */,
				2E7E5BBD2EC421F9002255AE /* XCRemoteSwiftPackageReference "OpenAI" */,
			);
			preferredProjectObjectVersion = 77;
			productRefGroup = 2EDFF7D62EBE9E48007B1A31 /* Products */;
			projectDirPath = "";
			projectRoot = "";
			targets = (
				2EDFF7D42EBE9E48007B1A31 /* Claims IQ Sidekick 1.5 */,
				2EDFF7E52EBE9E49007B1A31 /* Claims IQ Sidekick 1.5Tests */,
				2EDFF7EF2EBE9E49007B1A31 /* Claims IQ Sidekick 1.5UITests */,
			);
		};
/* End PBXProject section */

/* Begin PBXResourcesBuildPhase section */
		2EDFF7D32EBE9E48007B1A31 /* Resources */ = {
			isa = PBXResourcesBuildPhase;
			buildActionMask = 2147483647;
			files = (
			);
			runOnlyForDeploymentPostprocessing = 0;
		};
		2EDFF7E42EBE9E49007B1A31 /* Resources */ = {
			isa = PBXResourcesBuildPhase;
			buildActionMask = 2147483647;
			files = (
			);
			runOnlyForDeploymentPostprocessing = 0;
		};
		2EDFF7EE2EBE9E49007B1A31 /* Resources */ = {
			isa = PBXResourcesBuildPhase;
			buildActionMask = 2147483647;
			files = (
			);
			runOnlyForDeploymentPostprocessing = 0;
		};
/* End PBXResourcesBuildPhase section */

/* Begin PBXSourcesBuildPhase section */
		2EDFF7D12EBE9E48007B1A31 /* Sources */ = {
			isa = PBXSourcesBuildPhase;
			buildActionMask = 2147483647;
			files = (
			);
			runOnlyForDeploymentPostprocessing = 0;
		};
		2EDFF7E22EBE9E49007B1A31 /* Sources */ = {
			isa = PBXSourcesBuildPhase;
			buildActionMask = 2147483647;
			files = (
			);
			runOnlyForDeploymentPostprocessing = 0;
		};
		2EDFF7EC2EBE9E49007B1A31 /* Sources */ = {
			isa = PBXSourcesBuildPhase;
			buildActionMask = 2147483647;
			files = (
			);
			runOnlyForDeploymentPostprocessing = 0;
		};
/* End PBXSourcesBuildPhase section */

/* Begin PBXTargetDependency section */
		2EDFF7E82EBE9E49007B1A31 /* PBXTargetDependency */ = {
			isa = PBXTargetDependency;
			target = 2EDFF7D42EBE9E48007B1A31 /* Claims IQ Sidekick 1.5 */;
			targetProxy = 2EDFF7E72EBE9E49007B1A31 /* PBXContainerItemProxy */;
		};
		2EDFF7F22EBE9E49007B1A31 /* PBXTargetDependency */ = {
			isa = PBXTargetDependency;
			target = 2EDFF7D42EBE9E48007B1A31 /* Claims IQ Sidekick 1.5 */;
			targetProxy = 2EDFF7F12EBE9E49007B1A31 /* PBXContainerItemProxy */;
		};
/* End PBXTargetDependency section */

/* Begin XCBuildConfiguration section */
		2EDFF7FA2EBE9E49007B1A31 /* Debug */ = {
			isa = XCBuildConfiguration;
			buildSettings = {
				ASSETCATALOG_COMPILER_APPICON_NAME = AppIcon;
				ASSETCATALOG_COMPILER_GLOBAL_ACCENT_COLOR_NAME = AccentColor;
				CODE_SIGN_ENTITLEMENTS = "Claims IQ Sidekick 1.5/Claims_IQ_Sidekick_1_5.entitlements";
				CODE_SIGN_STYLE = Automatic;
				CURRENT_PROJECT_VERSION = 1;
				DEVELOPMENT_TEAM = TCQ5859239;
				ENABLE_PREVIEWS = YES;
				GENERATE_INFOPLIST_FILE = YES;
				INFOPLIST_FILE = "Claims IQ Sidekick 1.5/Info.plist";
				INFOPLIST_KEY_CFBundleDisplayName = "Claims IQ Sidekick";
				INFOPLIST_KEY_LSApplicationCategoryType = "public.app-category.utilities";
				INFOPLIST_KEY_LSSupportsOpeningDocumentsInPlace = YES;
				INFOPLIST_KEY_NSCameraUsageDescription = "ClaimsIQ needs camera access to capture photos of property damage for insurance claims.";
				INFOPLIST_KEY_NSLocationAlwaysAndWhenInUseUsageDescription = "ClaimsIQ needs your location to provide route optimization and location-based services even in the background.";
				INFOPLIST_KEY_NSLocationWhenInUseUsageDescription = "ClaimsIQ needs your location to tag photos with GPS coordinates and optimize your daily route.";
				INFOPLIST_KEY_NSPhotoLibraryAddUsageDescription = "ClaimsIQ needs permission to save photos to your photo library.";
				INFOPLIST_KEY_NSPhotoLibraryUsageDescription = "ClaimsIQ needs photo library access to save and upload claim photos.";
				INFOPLIST_KEY_UIApplicationSceneManifest_Generation = YES;
				INFOPLIST_KEY_UIApplicationSupportsIndirectInputEvents = YES;
				INFOPLIST_KEY_UILaunchScreen_Generation = YES;
				INFOPLIST_KEY_UISupportedInterfaceOrientations_iPad = "UIInterfaceOrientationPortrait UIInterfaceOrientationPortraitUpsideDown UIInterfaceOrientationLandscapeLeft UIInterfaceOrientationLandscapeRight";
				INFOPLIST_KEY_UISupportedInterfaceOrientations_iPhone = "UIInterfaceOrientationPortrait UIInterfaceOrientationLandscapeLeft UIInterfaceOrientationLandscapeRight";
				INFOPLIST_KEY_UISupportsDocumentBrowser = YES;
				LD_RUNPATH_SEARCH_PATHS = (
					"$(inherited)",
					"@executable_path/Frameworks",
				);
				MARKETING_VERSION = 1.0;
				PRODUCT_BUNDLE_IDENTIFIER = "ClaimsIQ.Claims-IQ-Sidekick-1-5";
				PRODUCT_NAME = "$(TARGET_NAME)";
				STRING_CATALOG_GENERATE_SYMBOLS = YES;
				SWIFT_APPROACHABLE_CONCURRENCY = YES;
				SWIFT_DEFAULT_ACTOR_ISOLATION = MainActor;
				SWIFT_EMIT_LOC_STRINGS = YES;
				SWIFT_UPCOMING_FEATURE_MEMBER_IMPORT_VISIBILITY = YES;
				SWIFT_VERSION = 5.0;
				TARGETED_DEVICE_FAMILY = "1,2";
			};
			name = Debug;
		};
		2EDFF7FB2EBE9E49007B1A31 /* Release */ = {
			isa = XCBuildConfiguration;
			buildSettings = {
				ASSETCATALOG_COMPILER_APPICON_NAME = AppIcon;
				ASSETCATALOG_COMPILER_GLOBAL_ACCENT_COLOR_NAME = AccentColor;
				CODE_SIGN_ENTITLEMENTS = "Claims IQ Sidekick 1.5/Claims_IQ_Sidekick_1_5.entitlements";
				CODE_SIGN_STYLE = Automatic;
				CURRENT_PROJECT_VERSION = 1;
				DEVELOPMENT_TEAM = TCQ5859239;
				ENABLE_PREVIEWS = YES;
				GENERATE_INFOPLIST_FILE = YES;
				INFOPLIST_FILE = "Claims IQ Sidekick 1.5/Info.plist";
				INFOPLIST_KEY_CFBundleDisplayName = "Claims IQ Sidekick";
				INFOPLIST_KEY_LSApplicationCategoryType = "public.app-category.utilities";
				INFOPLIST_KEY_LSSupportsOpeningDocumentsInPlace = YES;
				INFOPLIST_KEY_NSCameraUsageDescription = "ClaimsIQ needs camera access to capture photos of property damage for insurance claims.";
				INFOPLIST_KEY_NSLocationAlwaysAndWhenInUseUsageDescription = "ClaimsIQ needs your location to provide route optimization and location-based services even in the background.";
				INFOPLIST_KEY_NSLocationWhenInUseUsageDescription = "ClaimsIQ needs your location to tag photos with GPS coordinates and optimize your daily route.";
				INFOPLIST_KEY_NSPhotoLibraryAddUsageDescription = "ClaimsIQ needs permission to save photos to your photo library.";
				INFOPLIST_KEY_NSPhotoLibraryUsageDescription = "ClaimsIQ needs photo library access to save and upload claim photos.";
				INFOPLIST_KEY_UIApplicationSceneManifest_Generation = YES;
				INFOPLIST_KEY_UIApplicationSupportsIndirectInputEvents = YES;
				INFOPLIST_KEY_UILaunchScreen_Generation = YES;
				INFOPLIST_KEY_UISupportedInterfaceOrientations_iPad = "UIInterfaceOrientationPortrait UIInterfaceOrientationPortraitUpsideDown UIInterfaceOrientationLandscapeLeft UIInterfaceOrientationLandscapeRight";
				INFOPLIST_KEY_UISupportedInterfaceOrientations_iPhone = "UIInterfaceOrientationPortrait UIInterfaceOrientationLandscapeLeft UIInterfaceOrientationLandscapeRight";
				INFOPLIST_KEY_UISupportsDocumentBrowser = YES;
				LD_RUNPATH_SEARCH_PATHS = (
					"$(inherited)",
					"@executable_path/Frameworks",
				);
				MARKETING_VERSION = 1.0;
				PRODUCT_BUNDLE_IDENTIFIER = "ClaimsIQ.Claims-IQ-Sidekick-1-5";
				PRODUCT_NAME = "$(TARGET_NAME)";
				STRING_CATALOG_GENERATE_SYMBOLS = YES;
				SWIFT_APPROACHABLE_CONCURRENCY = YES;
				SWIFT_DEFAULT_ACTOR_ISOLATION = MainActor;
				SWIFT_EMIT_LOC_STRINGS = YES;
				SWIFT_UPCOMING_FEATURE_MEMBER_IMPORT_VISIBILITY = YES;
				SWIFT_VERSION = 5.0;
				TARGETED_DEVICE_FAMILY = "1,2";
			};
			name = Release;
		};
		2EDFF7FC2EBE9E49007B1A31 /* Debug */ = {
			isa = XCBuildConfiguration;
			buildSettings = {
				ALWAYS_SEARCH_USER_PATHS = NO;
				ASSETCATALOG_COMPILER_GENERATE_SWIFT_ASSET_SYMBOL_EXTENSIONS = YES;
				CLANG_ANALYZER_NONNULL = YES;
				CLANG_ANALYZER_NUMBER_OBJECT_CONVERSION = YES_AGGRESSIVE;
				CLANG_CXX_LANGUAGE_STANDARD = "gnu++20";
				CLANG_ENABLE_MODULES = YES;
				CLANG_ENABLE_OBJC_ARC = YES;
				CLANG_ENABLE_OBJC_WEAK = YES;
				CLANG_WARN_BLOCK_CAPTURE_AUTORELEASING = YES;
				CLANG_WARN_BOOL_CONVERSION = YES;
				CLANG_WARN_COMMA = YES;
				CLANG_WARN_CONSTANT_CONVERSION = YES;
				CLANG_WARN_DEPRECATED_OBJC_IMPLEMENTATIONS = YES;
				CLANG_WARN_DIRECT_OBJC_ISA_USAGE = YES_ERROR;
				CLANG_WARN_DOCUMENTATION_COMMENTS = YES;
				CLANG_WARN_EMPTY_BODY = YES;
				CLANG_WARN_ENUM_CONVERSION = YES;
				CLANG_WARN_INFINITE_RECURSION = YES;
				CLANG_WARN_INT_CONVERSION = YES;
				CLANG_WARN_NON_LITERAL_NULL_CONVERSION = YES;
				CLANG_WARN_OBJC_IMPLICIT_RETAIN_SELF = YES;
				CLANG_WARN_OBJC_LITERAL_CONVERSION = YES;
				CLANG_WARN_OBJC_ROOT_CLASS = YES_ERROR;
				CLANG_WARN_QUOTED_INCLUDE_IN_FRAMEWORK_HEADER = YES;
				CLANG_WARN_RANGE_LOOP_ANALYSIS = YES;
				CLANG_WARN_STRICT_PROTOTYPES = YES;
				CLANG_WARN_SUSPICIOUS_MOVE = YES;
				CLANG_WARN_UNGUARDED_AVAILABILITY = YES_AGGRESSIVE;
				CLANG_WARN_UNREACHABLE_CODE = YES;
				CLANG_WARN__DUPLICATE_METHOD_MATCH = YES;
				COPY_PHASE_STRIP = NO;
				DEBUG_INFORMATION_FORMAT = dwarf;
				DEVELOPMENT_TEAM = TCQ5859239;
				ENABLE_STRICT_OBJC_MSGSEND = YES;
				ENABLE_TESTABILITY = YES;
				ENABLE_USER_SCRIPT_SANDBOXING = YES;
				GCC_C_LANGUAGE_STANDARD = gnu17;
				GCC_DYNAMIC_NO_PIC = NO;
				GCC_NO_COMMON_BLOCKS = YES;
				GCC_OPTIMIZATION_LEVEL = 0;
				GCC_PREPROCESSOR_DEFINITIONS = (
					"DEBUG=1",
					"$(inherited)",
				);
				GCC_WARN_64_TO_32_BIT_CONVERSION = YES;
				GCC_WARN_ABOUT_RETURN_TYPE = YES_ERROR;
				GCC_WARN_UNDECLARED_SELECTOR = YES;
				GCC_WARN_UNINITIALIZED_AUTOS = YES_AGGRESSIVE;
				GCC_WARN_UNUSED_FUNCTION = YES;
				GCC_WARN_UNUSED_VARIABLE = YES;
				IPHONEOS_DEPLOYMENT_TARGET = 17.6;
				LOCALIZATION_PREFERS_STRING_CATALOGS = YES;
				MTL_ENABLE_DEBUG_INFO = INCLUDE_SOURCE;
				MTL_FAST_MATH = YES;
				ONLY_ACTIVE_ARCH = YES;
				SDKROOT = iphoneos;
				SWIFT_ACTIVE_COMPILATION_CONDITIONS = "DEBUG $(inherited)";
				SWIFT_OPTIMIZATION_LEVEL = "-Onone";
			};
			name = Debug;
		};
		2EDFF7FD2EBE9E49007B1A31 /* Release */ = {
			isa = XCBuildConfiguration;
			buildSettings = {
				ALWAYS_SEARCH_USER_PATHS = NO;
				ASSETCATALOG_COMPILER_GENERATE_SWIFT_ASSET_SYMBOL_EXTENSIONS = YES;
				CLANG_ANALYZER_NONNULL = YES;
				CLANG_ANALYZER_NUMBER_OBJECT_CONVERSION = YES_AGGRESSIVE;
				CLANG_CXX_LANGUAGE_STANDARD = "gnu++20";
				CLANG_ENABLE_MODULES = YES;
				CLANG_ENABLE_OBJC_ARC = YES;
				CLANG_ENABLE_OBJC_WEAK = YES;
				CLANG_WARN_BLOCK_CAPTURE_AUTORELEASING = YES;
				CLANG_WARN_BOOL_CONVERSION = YES;
				CLANG_WARN_COMMA = YES;
				CLANG_WARN_CONSTANT_CONVERSION = YES;
				CLANG_WARN_DEPRECATED_OBJC_IMPLEMENTATIONS = YES;
				CLANG_WARN_DIRECT_OBJC_ISA_USAGE = YES_ERROR;
				CLANG_WARN_DOCUMENTATION_COMMENTS = YES;
				CLANG_WARN_EMPTY_BODY = YES;
				CLANG_WARN_ENUM_CONVERSION = YES;
				CLANG_WARN_INFINITE_RECURSION = YES;
				CLANG_WARN_INT_CONVERSION = YES;
				CLANG_WARN_NON_LITERAL_NULL_CONVERSION = YES;
				CLANG_WARN_OBJC_IMPLICIT_RETAIN_SELF = YES;
				CLANG_WARN_OBJC_LITERAL_CONVERSION = YES;
				CLANG_WARN_OBJC_ROOT_CLASS = YES_ERROR;
				CLANG_WARN_QUOTED_INCLUDE_IN_FRAMEWORK_HEADER = YES;
				CLANG_WARN_RANGE_LOOP_ANALYSIS = YES;
				CLANG_WARN_STRICT_PROTOTYPES = YES;
				CLANG_WARN_SUSPICIOUS_MOVE = YES;
				CLANG_WARN_UNGUARDED_AVAILABILITY = YES_AGGRESSIVE;
				CLANG_WARN_UNREACHABLE_CODE = YES;
				CLANG_WARN__DUPLICATE_METHOD_MATCH = YES;
				COPY_PHASE_STRIP = NO;
				DEBUG_INFORMATION_FORMAT = "dwarf-with-dsym";
				DEVELOPMENT_TEAM = TCQ5859239;
				ENABLE_NS_ASSERTIONS = NO;
				ENABLE_STRICT_OBJC_MSGSEND = YES;
				ENABLE_USER_SCRIPT_SANDBOXING = YES;
				GCC_C_LANGUAGE_STANDARD = gnu17;
				GCC_NO_COMMON_BLOCKS = YES;
				GCC_WARN_64_TO_32_BIT_CONVERSION = YES;
				GCC_WARN_ABOUT_RETURN_TYPE = YES_ERROR;
				GCC_WARN_UNDECLARED_SELECTOR = YES;
				GCC_WARN_UNINITIALIZED_AUTOS = YES_AGGRESSIVE;
				GCC_WARN_UNUSED_FUNCTION = YES;
				GCC_WARN_UNUSED_VARIABLE = YES;
				IPHONEOS_DEPLOYMENT_TARGET = 17.6;
				LOCALIZATION_PREFERS_STRING_CATALOGS = YES;
				MTL_ENABLE_DEBUG_INFO = NO;
				MTL_FAST_MATH = YES;
				SDKROOT = iphoneos;
				SWIFT_COMPILATION_MODE = wholemodule;
				VALIDATE_PRODUCT = YES;
			};
			name = Release;
		};
		2EDFF7FF2EBE9E49007B1A31 /* Debug */ = {
			isa = XCBuildConfiguration;
			buildSettings = {
				BUNDLE_LOADER = "$(TEST_HOST)";
				CODE_SIGN_STYLE = Automatic;
				CURRENT_PROJECT_VERSION = 1;
				DEVELOPMENT_TEAM = TCQ5859239;
				GENERATE_INFOPLIST_FILE = YES;
				IPHONEOS_DEPLOYMENT_TARGET = 26.1;
				MARKETING_VERSION = 1.0;
				PRODUCT_BUNDLE_IDENTIFIER = "ClaimsIQ.Claims-IQ-Sidekick-1-5Tests";
				PRODUCT_NAME = "$(TARGET_NAME)";
				STRING_CATALOG_GENERATE_SYMBOLS = NO;
				SWIFT_APPROACHABLE_CONCURRENCY = YES;
				SWIFT_EMIT_LOC_STRINGS = NO;
				SWIFT_UPCOMING_FEATURE_MEMBER_IMPORT_VISIBILITY = YES;
				SWIFT_VERSION = 5.0;
				TARGETED_DEVICE_FAMILY = "1,2";
				TEST_HOST = "$(BUILT_PRODUCTS_DIR)/Claims IQ Sidekick 1.5.app/$(BUNDLE_EXECUTABLE_FOLDER_PATH)/Claims IQ Sidekick 1.5";
			};
			name = Debug;
		};
		2EDFF8002EBE9E49007B1A31 /* Release */ = {
			isa = XCBuildConfiguration;
			buildSettings = {
				BUNDLE_LOADER = "$(TEST_HOST)";
				CODE_SIGN_STYLE = Automatic;
				CURRENT_PROJECT_VERSION = 1;
				DEVELOPMENT_TEAM = TCQ5859239;
				GENERATE_INFOPLIST_FILE = YES;
				IPHONEOS_DEPLOYMENT_TARGET = 26.1;
				MARKETING_VERSION = 1.0;
				PRODUCT_BUNDLE_IDENTIFIER = "ClaimsIQ.Claims-IQ-Sidekick-1-5Tests";
				PRODUCT_NAME = "$(TARGET_NAME)";
				STRING_CATALOG_GENERATE_SYMBOLS = NO;
				SWIFT_APPROACHABLE_CONCURRENCY = YES;
				SWIFT_EMIT_LOC_STRINGS = NO;
				SWIFT_UPCOMING_FEATURE_MEMBER_IMPORT_VISIBILITY = YES;
				SWIFT_VERSION = 5.0;
				TARGETED_DEVICE_FAMILY = "1,2";
				TEST_HOST = "$(BUILT_PRODUCTS_DIR)/Claims IQ Sidekick 1.5.app/$(BUNDLE_EXECUTABLE_FOLDER_PATH)/Claims IQ Sidekick 1.5";
			};
			name = Release;
		};
		2EDFF8022EBE9E49007B1A31 /* Debug */ = {
			isa = XCBuildConfiguration;
			buildSettings = {
				CODE_SIGN_STYLE = Automatic;
				CURRENT_PROJECT_VERSION = 1;
				DEVELOPMENT_TEAM = TCQ5859239;
				GENERATE_INFOPLIST_FILE = YES;
				MARKETING_VERSION = 1.0;
				PRODUCT_BUNDLE_IDENTIFIER = "ClaimsIQ.Claims-IQ-Sidekick-1-5UITests";
				PRODUCT_NAME = "$(TARGET_NAME)";
				STRING_CATALOG_GENERATE_SYMBOLS = NO;
				SWIFT_APPROACHABLE_CONCURRENCY = YES;
				SWIFT_EMIT_LOC_STRINGS = NO;
				SWIFT_UPCOMING_FEATURE_MEMBER_IMPORT_VISIBILITY = YES;
				SWIFT_VERSION = 5.0;
				TARGETED_DEVICE_FAMILY = "1,2";
				TEST_TARGET_NAME = "Claims IQ Sidekick 1.5";
			};
			name = Debug;
		};
		2EDFF8032EBE9E49007B1A31 /* Release */ = {
			isa = XCBuildConfiguration;
			buildSettings = {
				CODE_SIGN_STYLE = Automatic;
				CURRENT_PROJECT_VERSION = 1;
				DEVELOPMENT_TEAM = TCQ5859239;
				GENERATE_INFOPLIST_FILE = YES;
				MARKETING_VERSION = 1.0;
				PRODUCT_BUNDLE_IDENTIFIER = "ClaimsIQ.Claims-IQ-Sidekick-1-5UITests";
				PRODUCT_NAME = "$(TARGET_NAME)";
				STRING_CATALOG_GENERATE_SYMBOLS = NO;
				SWIFT_APPROACHABLE_CONCURRENCY = YES;
				SWIFT_EMIT_LOC_STRINGS = NO;
				SWIFT_UPCOMING_FEATURE_MEMBER_IMPORT_VISIBILITY = YES;
				SWIFT_VERSION = 5.0;
				TARGETED_DEVICE_FAMILY = "1,2";
				TEST_TARGET_NAME = "Claims IQ Sidekick 1.5";
			};
			name = Release;
		};
/* End XCBuildConfiguration section */

/* Begin XCConfigurationList section */
		2EDFF7D02EBE9E48007B1A31 /* Build configuration list for PBXProject "Claims IQ Sidekick 1.5" */ = {
			isa = XCConfigurationList;
			buildConfigurations = (
				2EDFF7FC2EBE9E49007B1A31 /* Debug */,
				2EDFF7FD2EBE9E49007B1A31 /* Release */,
			);
			defaultConfigurationIsVisible = 0;
			defaultConfigurationName = Release;
		};
		2EDFF7F92EBE9E49007B1A31 /* Build configuration list for PBXNativeTarget "Claims IQ Sidekick 1.5" */ = {
			isa = XCConfigurationList;
			buildConfigurations = (
				2EDFF7FA2EBE9E49007B1A31 /* Debug */,
				2EDFF7FB2EBE9E49007B1A31 /* Release */,
			);
			defaultConfigurationIsVisible = 0;
			defaultConfigurationName = Release;
		};
		2EDFF7FE2EBE9E49007B1A31 /* Build configuration list for PBXNativeTarget "Claims IQ Sidekick 1.5Tests" */ = {
			isa = XCConfigurationList;
			buildConfigurations = (
				2EDFF7FF2EBE9E49007B1A31 /* Debug */,
				2EDFF8002EBE9E49007B1A31 /* Release */,
			);
			defaultConfigurationIsVisible = 0;
			defaultConfigurationName = Release;
		};
		2EDFF8012EBE9E49007B1A31 /* Build configuration list for PBXNativeTarget "Claims IQ Sidekick 1.5UITests" */ = {
			isa = XCConfigurationList;
			buildConfigurations = (
				2EDFF8022EBE9E49007B1A31 /* Debug */,
				2EDFF8032EBE9E49007B1A31 /* Release */,
			);
			defaultConfigurationIsVisible = 0;
			defaultConfigurationName = Release;
		};
/* End XCConfigurationList section */

/* Begin XCRemoteSwiftPackageReference section */
		2E7E5BA42EC42126002255AE /* XCRemoteSwiftPackageReference "supabase-swift" */ = {
			isa = XCRemoteSwiftPackageReference;
			repositoryURL = "https://github.com/supabase-community/supabase-swift.git";
			requirement = {
				kind = upToNextMajorVersion;
				minimumVersion = 2.5.1;
			};
		};
		2E7E5BB12EC421B7002255AE /* XCRemoteSwiftPackageReference "Nuke" */ = {
			isa = XCRemoteSwiftPackageReference;
			repositoryURL = "https://github.com/kean/Nuke";
			requirement = {
				kind = upToNextMajorVersion;
				minimumVersion = 12.8.0;
			};
		};
		2E7E5BBA2EC421E0002255AE /* XCRemoteSwiftPackageReference "KeychainAccess" */ = {
			isa = XCRemoteSwiftPackageReference;
			repositoryURL = "https://github.com/kishikawakatsumi/KeychainAccess";
			requirement = {
				branch = master;
				kind = branch;
			};
		};
		2E7E5BBD2EC421F9002255AE /* XCRemoteSwiftPackageReference "OpenAI" */ = {
			isa = XCRemoteSwiftPackageReference;
			repositoryURL = "https://github.com/MacPaw/OpenAI";
			requirement = {
				kind = upToNextMajorVersion;
				minimumVersion = 0.4.7;
			};
		};
/* End XCRemoteSwiftPackageReference section */

/* Begin XCSwiftPackageProductDependency section */
		2E7E5BA52EC42126002255AE /* Auth */ = {
			isa = XCSwiftPackageProductDependency;
			package = 2E7E5BA42EC42126002255AE /* XCRemoteSwiftPackageReference "supabase-swift" */;
			productName = Auth;
		};
		2E7E5BA72EC42126002255AE /* Functions */ = {
			isa = XCSwiftPackageProductDependency;
			package = 2E7E5BA42EC42126002255AE /* XCRemoteSwiftPackageReference "supabase-swift" */;
			productName = Functions;
		};
		2E7E5BA92EC42126002255AE /* PostgREST */ = {
			isa = XCSwiftPackageProductDependency;
			package = 2E7E5BA42EC42126002255AE /* XCRemoteSwiftPackageReference "supabase-swift" */;
			productName = PostgREST;
		};
		2E7E5BAB2EC42126002255AE /* Realtime */ = {
			isa = XCSwiftPackageProductDependency;
			package = 2E7E5BA42EC42126002255AE /* XCRemoteSwiftPackageReference "supabase-swift" */;
			productName = Realtime;
		};
		2E7E5BAD2EC42126002255AE /* Storage */ = {
			isa = XCSwiftPackageProductDependency;
			package = 2E7E5BA42EC42126002255AE /* XCRemoteSwiftPackageReference "supabase-swift" */;
			productName = Storage;
		};
		2E7E5BAF2EC42126002255AE /* Supabase */ = {
			isa = XCSwiftPackageProductDependency;
			package = 2E7E5BA42EC42126002255AE /* XCRemoteSwiftPackageReference "supabase-swift" */;
			productName = Supabase;
		};
		2E7E5BB22EC421B7002255AE /* Nuke */ = {
			isa = XCSwiftPackageProductDependency;
			package = 2E7E5BB12EC421B7002255AE /* XCRemoteSwiftPackageReference "Nuke" */;
			productName = Nuke;
		};
		2E7E5BB42EC421B7002255AE /* NukeExtensions */ = {
			isa = XCSwiftPackageProductDependency;
			package = 2E7E5BB12EC421B7002255AE /* XCRemoteSwiftPackageReference "Nuke" */;
			productName = NukeExtensions;
		};
		2E7E5BB62EC421B7002255AE /* NukeUI */ = {
			isa = XCSwiftPackageProductDependency;
			package = 2E7E5BB12EC421B7002255AE /* XCRemoteSwiftPackageReference "Nuke" */;
			productName = NukeUI;
		};
		2E7E5BB82EC421B7002255AE /* NukeVideo */ = {
			isa = XCSwiftPackageProductDependency;
			package = 2E7E5BB12EC421B7002255AE /* XCRemoteSwiftPackageReference "Nuke" */;
			productName = NukeVideo;
		};
		2E7E5BBB2EC421E0002255AE /* KeychainAccess */ = {
			isa = XCSwiftPackageProductDependency;
			package = 2E7E5BBA2EC421E0002255AE /* XCRemoteSwiftPackageReference "KeychainAccess" */;
			productName = KeychainAccess;
		};
		2E7E5BBE2EC42213002255AE /* OpenAI */ = {
			isa = XCSwiftPackageProductDependency;
			package = 2E7E5BBD2EC421F9002255AE /* XCRemoteSwiftPackageReference "OpenAI" */;
			productName = OpenAI;
		};
/* End XCSwiftPackageProductDependency section */
	};
	rootObject = 2EDFF7CD2EBE9E48007B1A31 /* Project object */;
}
